// !$*UTF8*$!
{
	archiveVersion = 1;
	classes = {
	};
	objectVersion = 50;
	objects = {

/* Begin PBXBuildFile section */
		0F752C2CE6E07624263C2FD4 /* EarlGrey.framework in EarlGrey Copy Files */ = {isa = PBXBuildFile; fileRef = 22554B6F229F2EC200ED428C /* EarlGrey.framework */; settings = {ATTRIBUTES = (CodeSignOnCopy, ); }; };
		22554B79229F342800ED428C /* EarlGreyTests.swift in Sources */ = {isa = PBXBuildFile; fileRef = 22554B78229F342800ED428C /* EarlGreyTests.swift */; };
		22554B80229F344600ED428C /* EarlGrey.framework in Frameworks */ = {isa = PBXBuildFile; fileRef = 22554B6F229F2EC200ED428C /* EarlGrey.framework */; };
		22554B83229F361A00ED428C /* EarlGrey.swift in Sources */ = {isa = PBXBuildFile; fileRef = 22554B82229F361A00ED428C /* EarlGrey.swift */; };
		226ACA4322B908B000CED67B /* MainMenuAnimatedView.xib in Resources */ = {isa = PBXBuildFile; fileRef = 226ACA4222B908B000CED67B /* MainMenuAnimatedView.xib */; };
		226ACA4522B908C300CED67B /* MainMenuAnimatedView.swift in Sources */ = {isa = PBXBuildFile; fileRef = 226ACA4422B908C300CED67B /* MainMenuAnimatedView.swift */; };
		22AAC33422A01E9A007EE666 /* KeyedDecodingContainer+Decode.swift in Sources */ = {isa = PBXBuildFile; fileRef = 22AAC33322A01E9A007EE666 /* KeyedDecodingContainer+Decode.swift */; };
		22AAC33622A01F51007EE666 /* ItemBase.swift in Sources */ = {isa = PBXBuildFile; fileRef = 22AAC33522A01F51007EE666 /* ItemBase.swift */; };
		22AAC33822A02184007EE666 /* PageBase.swift in Sources */ = {isa = PBXBuildFile; fileRef = 22AAC33722A02184007EE666 /* PageBase.swift */; };
		22E4131922BA4C0600D44776 /* PersonViewController.swift in Sources */ = {isa = PBXBuildFile; fileRef = 22E4131722BA4C0600D44776 /* PersonViewController.swift */; };
		22E4131A22BA4C0600D44776 /* PersonViewController.xib in Resources */ = {isa = PBXBuildFile; fileRef = 22E4131822BA4C0600D44776 /* PersonViewController.xib */; };
		22E4131D22BA4C3100D44776 /* PersonViewModel.swift in Sources */ = {isa = PBXBuildFile; fileRef = 22E4131C22BA4C3100D44776 /* PersonViewModel.swift */; };
		22E4131F22BA4C3B00D44776 /* PersonViewModelType.swift in Sources */ = {isa = PBXBuildFile; fileRef = 22E4131E22BA4C3B00D44776 /* PersonViewModelType.swift */; };
		22E4132422BA99B400D44776 /* PeopleViewController.swift in Sources */ = {isa = PBXBuildFile; fileRef = 22E4132222BA99B400D44776 /* PeopleViewController.swift */; };
		22E4132522BA99B400D44776 /* PeopleViewController.xib in Resources */ = {isa = PBXBuildFile; fileRef = 22E4132322BA99B400D44776 /* PeopleViewController.xib */; };
		22E4132822BA99F700D44776 /* PeopleViewModelType.swift in Sources */ = {isa = PBXBuildFile; fileRef = 22E4132722BA99F700D44776 /* PeopleViewModelType.swift */; };
		22E4132A22BA99FF00D44776 /* PeopleViewModel.swift in Sources */ = {isa = PBXBuildFile; fileRef = 22E4132922BA99FF00D44776 /* PeopleViewModel.swift */; };
		6709F46621E0E44100056F80 /* MainMenuSquareView.swift in Sources */ = {isa = PBXBuildFile; fileRef = 6709F46421E0E44100056F80 /* MainMenuSquareView.swift */; };
		6709F46721E0E44100056F80 /* MainMenuSquareView.xib in Resources */ = {isa = PBXBuildFile; fileRef = 6709F46521E0E44100056F80 /* MainMenuSquareView.xib */; };
		6709F46B21E0EEDE00056F80 /* UIView+fixInView.swift in Sources */ = {isa = PBXBuildFile; fileRef = 6709F46A21E0EEDE00056F80 /* UIView+fixInView.swift */; };
		671416A021B053A800B90FD9 /* AppDelegate.swift in Sources */ = {isa = PBXBuildFile; fileRef = 6714169F21B053A800B90FD9 /* AppDelegate.swift */; };
		671416A821B053A800B90FD9 /* SWAPI_client.xcdatamodeld in Sources */ = {isa = PBXBuildFile; fileRef = 671416A621B053A800B90FD9 /* SWAPI_client.xcdatamodeld */; };
		671416AA21B053AA00B90FD9 /* Assets.xcassets in Resources */ = {isa = PBXBuildFile; fileRef = 671416A921B053AA00B90FD9 /* Assets.xcassets */; };
		671416AD21B053AA00B90FD9 /* LaunchScreen.storyboard in Resources */ = {isa = PBXBuildFile; fileRef = 671416AB21B053AA00B90FD9 /* LaunchScreen.storyboard */; };
		671416B821B053AA00B90FD9 /* SWAPI_clientTests.swift in Sources */ = {isa = PBXBuildFile; fileRef = 671416B721B053AA00B90FD9 /* SWAPI_clientTests.swift */; };
		671416C321B053AA00B90FD9 /* SWAPI_clientUITests.swift in Sources */ = {isa = PBXBuildFile; fileRef = 671416C221B053AA00B90FD9 /* SWAPI_clientUITests.swift */; };
		671416D321B0547400B90FD9 /* ViewModel.swift in Sources */ = {isa = PBXBuildFile; fileRef = 671416D221B0547400B90FD9 /* ViewModel.swift */; };
		671416D521B0548E00B90FD9 /* ViewModelOwner.swift in Sources */ = {isa = PBXBuildFile; fileRef = 671416D421B0548E00B90FD9 /* ViewModelOwner.swift */; };
		671416D721B054B000B90FD9 /* associatedObject.swift in Sources */ = {isa = PBXBuildFile; fileRef = 671416D621B054B000B90FD9 /* associatedObject.swift */; };
		671416DA21B054DA00B90FD9 /* NavigationController.swift in Sources */ = {isa = PBXBuildFile; fileRef = 671416D921B054DA00B90FD9 /* NavigationController.swift */; };
		671416DD21B0551900B90FD9 /* FlowControllerType.swift in Sources */ = {isa = PBXBuildFile; fileRef = 671416DC21B0551900B90FD9 /* FlowControllerType.swift */; };
		671416DF21B0552F00B90FD9 /* FlowController.swift in Sources */ = {isa = PBXBuildFile; fileRef = 671416DE21B0552F00B90FD9 /* FlowController.swift */; };
		671416E721B055E200B90FD9 /* MainMenuViewController.swift in Sources */ = {isa = PBXBuildFile; fileRef = 671416E521B055E200B90FD9 /* MainMenuViewController.swift */; };
		671416E821B055E200B90FD9 /* MainMenuViewController.xib in Resources */ = {isa = PBXBuildFile; fileRef = 671416E621B055E200B90FD9 /* MainMenuViewController.xib */; };
		671416EA21B0563600B90FD9 /* MainMenuViewModel.swift in Sources */ = {isa = PBXBuildFile; fileRef = 671416E921B0563600B90FD9 /* MainMenuViewModel.swift */; };
		671416EC21B0564E00B90FD9 /* MainMenuViewModelType.swift in Sources */ = {isa = PBXBuildFile; fileRef = 671416EB21B0564E00B90FD9 /* MainMenuViewModelType.swift */; };
		671416EF21B056C500B90FD9 /* DependencyContainer.swift in Sources */ = {isa = PBXBuildFile; fileRef = 671416EE21B056C500B90FD9 /* DependencyContainer.swift */; };
		671416F121B056F300B90FD9 /* DependencyContainerType.swift in Sources */ = {isa = PBXBuildFile; fileRef = 671416F021B056F300B90FD9 /* DependencyContainerType.swift */; };
		6722E2D822246D6300DC0DDB /* UIViewController+ColorChanging.swift in Sources */ = {isa = PBXBuildFile; fileRef = 6722E2D722246D6300DC0DDB /* UIViewController+ColorChanging.swift */; };
		67239BE82211EA8D006AB3B9 /* UserDefaults+IsFirstLaunch.swift in Sources */ = {isa = PBXBuildFile; fileRef = 67239BE72211EA8D006AB3B9 /* UserDefaults+IsFirstLaunch.swift */; };
		6742C5012233D8A50076A3BA /* Localizable.strings in Resources */ = {isa = PBXBuildFile; fileRef = 6742C5032233D8A50076A3BA /* Localizable.strings */; };
		6742C5082233ED860076A3BA /* BasicHeaderView.swift in Sources */ = {isa = PBXBuildFile; fileRef = 6742C5062233ED860076A3BA /* BasicHeaderView.swift */; };
		6742C5092233ED860076A3BA /* BasicHeaderView.xib in Resources */ = {isa = PBXBuildFile; fileRef = 6742C5072233ED860076A3BA /* BasicHeaderView.xib */; };
		675438E021FE167900900D30 /* MainTableViewCell.swift in Sources */ = {isa = PBXBuildFile; fileRef = 675438DE21FE167900900D30 /* MainTableViewCell.swift */; };
		675438E121FE167900900D30 /* MainTableViewCell.xib in Resources */ = {isa = PBXBuildFile; fileRef = 675438DF21FE167900900D30 /* MainTableViewCell.xib */; };
		675438E321FE24A300900D30 /* URLSessionCreator.swift in Sources */ = {isa = PBXBuildFile; fileRef = 675438E221FE24A300900D30 /* URLSessionCreator.swift */; };
		6771D7C12205E2F500E1D031 /* Film.swift in Sources */ = {isa = PBXBuildFile; fileRef = 6771D7C02205E2F500E1D031 /* Film.swift */; };
		6771D7C52205EA8700E1D031 /* Films.swift in Sources */ = {isa = PBXBuildFile; fileRef = 6771D7C42205EA8700E1D031 /* Films.swift */; };
		6771D7C72205EB5F00E1D031 /* Kind.swift in Sources */ = {isa = PBXBuildFile; fileRef = 6771D7C62205EB5F00E1D031 /* Kind.swift */; };
		6771D7C92205ED3500E1D031 /* Species.swift in Sources */ = {isa = PBXBuildFile; fileRef = 6771D7C82205ED3500E1D031 /* Species.swift */; };
		6771D7CB2205ED8600E1D031 /* Starship.swift in Sources */ = {isa = PBXBuildFile; fileRef = 6771D7CA2205ED8600E1D031 /* Starship.swift */; };
		6771D7CD2205ED9000E1D031 /* Starships.swift in Sources */ = {isa = PBXBuildFile; fileRef = 6771D7CC2205ED9000E1D031 /* Starships.swift */; };
		6771D7CF2205EF8800E1D031 /* Vehicles.swift in Sources */ = {isa = PBXBuildFile; fileRef = 6771D7CE2205EF8800E1D031 /* Vehicles.swift */; };
		6771D7D12205EF9100E1D031 /* Vehicle.swift in Sources */ = {isa = PBXBuildFile; fileRef = 6771D7D02205EF9100E1D031 /* Vehicle.swift */; };
		6771D7D3220654CB00E1D031 /* Planet.swift in Sources */ = {isa = PBXBuildFile; fileRef = 6771D7D2220654CB00E1D031 /* Planet.swift */; };
		6771D7D5220654D400E1D031 /* Planets.swift in Sources */ = {isa = PBXBuildFile; fileRef = 6771D7D4220654D400E1D031 /* Planets.swift */; };
		67969D9621F35AEB00B0A6EE /* InternetReachability.swift in Sources */ = {isa = PBXBuildFile; fileRef = 67969D9521F35AEB00B0A6EE /* InternetReachability.swift */; };
		67969D9B21F3701D00B0A6EE /* APIClient.swift in Sources */ = {isa = PBXBuildFile; fileRef = 67969D9A21F3701D00B0A6EE /* APIClient.swift */; };
		67969D9D21F494A800B0A6EE /* Person.swift in Sources */ = {isa = PBXBuildFile; fileRef = 67969D9C21F494A800B0A6EE /* Person.swift */; };
		67969D9F21F496DE00B0A6EE /* People.swift in Sources */ = {isa = PBXBuildFile; fileRef = 67969D9E21F496DE00B0A6EE /* People.swift */; };
		679C8A7C21EA693B001ECDEC /* MainTableViewController.swift in Sources */ = {isa = PBXBuildFile; fileRef = 679C8A7A21EA693B001ECDEC /* MainTableViewController.swift */; };
		679C8A7D21EA693B001ECDEC /* MainTableViewController.xib in Resources */ = {isa = PBXBuildFile; fileRef = 679C8A7B21EA693B001ECDEC /* MainTableViewController.xib */; };
		679C8A7F21EA6A48001ECDEC /* MainTableViewModelType.swift in Sources */ = {isa = PBXBuildFile; fileRef = 679C8A7E21EA6A48001ECDEC /* MainTableViewModelType.swift */; };
		679C8A8121EA6A6B001ECDEC /* MainTableViewModel.swift in Sources */ = {isa = PBXBuildFile; fileRef = 679C8A8021EA6A6B001ECDEC /* MainTableViewModel.swift */; };
		67B714E32249404B0033C249 /* Apperance.swift in Sources */ = {isa = PBXBuildFile; fileRef = 67B714E22249404B0033C249 /* Apperance.swift */; };
		67B714E5224943F20033C249 /* NavigationBar.swift in Sources */ = {isa = PBXBuildFile; fileRef = 67B714E4224943F20033C249 /* NavigationBar.swift */; };
		67B714E7224945410033C249 /* UIFont+ProjectFonts.swift in Sources */ = {isa = PBXBuildFile; fileRef = 67B714E6224945410033C249 /* UIFont+ProjectFonts.swift */; };
		67BE63C5220CA414002347E4 /* APIParser.swift in Sources */ = {isa = PBXBuildFile; fileRef = 67BE63C4220CA414002347E4 /* APIParser.swift */; };
		67BE63C7220CA5BA002347E4 /* Router.swift in Sources */ = {isa = PBXBuildFile; fileRef = 67BE63C6220CA5BA002347E4 /* Router.swift */; };
		67CA0743221340D5001B55BB /* DetailsViewController.swift in Sources */ = {isa = PBXBuildFile; fileRef = 67CA0741221340D5001B55BB /* DetailsViewController.swift */; };
		67CA0744221340D5001B55BB /* DetailsViewController.xib in Resources */ = {isa = PBXBuildFile; fileRef = 67CA0742221340D5001B55BB /* DetailsViewController.xib */; };
		67CA0747221341AA001B55BB /* DetailsViewModelType.swift in Sources */ = {isa = PBXBuildFile; fileRef = 67CA0746221341AA001B55BB /* DetailsViewModelType.swift */; };
		67CA0749221341B4001B55BB /* DetailsViewModel.swift in Sources */ = {isa = PBXBuildFile; fileRef = 67CA0748221341B4001B55BB /* DetailsViewModel.swift */; };
		67D3CBBA224BEDA6001B5402 /* Logger.swift in Sources */ = {isa = PBXBuildFile; fileRef = 67D3CBB9224BEDA6001B5402 /* Logger.swift */; };
		67E8FC84220EF40500CB9B40 /* OptionsViewController.swift in Sources */ = {isa = PBXBuildFile; fileRef = 67E8FC82220EF40500CB9B40 /* OptionsViewController.swift */; };
		67E8FC85220EF40500CB9B40 /* OptionsViewController.xib in Resources */ = {isa = PBXBuildFile; fileRef = 67E8FC83220EF40500CB9B40 /* OptionsViewController.xib */; };
		67E8FC88220EF66900CB9B40 /* OptionsViewModel.swift in Sources */ = {isa = PBXBuildFile; fileRef = 67E8FC87220EF66900CB9B40 /* OptionsViewModel.swift */; };
		67E8FC8A220EF67600CB9B40 /* OptionsViewModelType.swift in Sources */ = {isa = PBXBuildFile; fileRef = 67E8FC89220EF67600CB9B40 /* OptionsViewModelType.swift */; };
		67E8FC90220EFE2E00CB9B40 /* OptionsCellWithSwitch.swift in Sources */ = {isa = PBXBuildFile; fileRef = 67E8FC8E220EFE2E00CB9B40 /* OptionsCellWithSwitch.swift */; };
		67E8FC91220EFE2E00CB9B40 /* OptionsCellWithSwitch.xib in Resources */ = {isa = PBXBuildFile; fileRef = 67E8FC8F220EFE2E00CB9B40 /* OptionsCellWithSwitch.xib */; };
/* End PBXBuildFile section */

/* Begin PBXContainerItemProxy section */
		22554B7B229F342800ED428C /* PBXContainerItemProxy */ = {
			isa = PBXContainerItemProxy;
			containerPortal = 6714169421B053A800B90FD9 /* Project object */;
			proxyType = 1;
			remoteGlobalIDString = 6714169B21B053A800B90FD9;
			remoteInfo = SWAPI_client;
		};
		671416B421B053AA00B90FD9 /* PBXContainerItemProxy */ = {
			isa = PBXContainerItemProxy;
			containerPortal = 6714169421B053A800B90FD9 /* Project object */;
			proxyType = 1;
			remoteGlobalIDString = 6714169B21B053A800B90FD9;
			remoteInfo = SWAPI_client;
		};
		671416BF21B053AA00B90FD9 /* PBXContainerItemProxy */ = {
			isa = PBXContainerItemProxy;
			containerPortal = 6714169421B053A800B90FD9 /* Project object */;
			proxyType = 1;
			remoteGlobalIDString = 6714169B21B053A800B90FD9;
			remoteInfo = SWAPI_client;
		};
/* End PBXContainerItemProxy section */

/* Begin PBXCopyFilesBuildPhase section */
		94700AF12FD13726223C4A8E /* EarlGrey Copy Files */ = {
			isa = PBXCopyFilesBuildPhase;
			buildActionMask = 2147483647;
			dstPath = "$(TEST_HOST)/../";
			dstSubfolderSpec = 0;
			files = (
				0F752C2CE6E07624263C2FD4 /* EarlGrey.framework in EarlGrey Copy Files */,
			);
			name = "EarlGrey Copy Files";
			runOnlyForDeploymentPostprocessing = 0;
		};
/* End PBXCopyFilesBuildPhase section */

/* Begin PBXFileReference section */
		22554B6F229F2EC200ED428C /* EarlGrey.framework */ = {isa = PBXFileReference; lastKnownFileType = wrapper.framework; name = EarlGrey.framework; path = Carthage/Build/iOS/EarlGrey.framework; sourceTree = "<group>"; };
		22554B76229F342700ED428C /* EarlGreyTests.xctest */ = {isa = PBXFileReference; explicitFileType = wrapper.cfbundle; includeInIndex = 0; path = EarlGreyTests.xctest; sourceTree = BUILT_PRODUCTS_DIR; };
		22554B78229F342800ED428C /* EarlGreyTests.swift */ = {isa = PBXFileReference; lastKnownFileType = sourcecode.swift; path = EarlGreyTests.swift; sourceTree = "<group>"; };
		22554B7A229F342800ED428C /* Info.plist */ = {isa = PBXFileReference; lastKnownFileType = text.plist.xml; path = Info.plist; sourceTree = "<group>"; };
		22554B82229F361A00ED428C /* EarlGrey.swift */ = {isa = PBXFileReference; lastKnownFileType = sourcecode.swift; path = EarlGrey.swift; sourceTree = "<group>"; };
		226ACA4222B908B000CED67B /* MainMenuAnimatedView.xib */ = {isa = PBXFileReference; lastKnownFileType = file.xib; name = MainMenuAnimatedView.xib; path = SWAPI_client/customViews/MainMenuAnimatedView/MainMenuAnimatedView.xib; sourceTree = SOURCE_ROOT; };
		226ACA4422B908C300CED67B /* MainMenuAnimatedView.swift */ = {isa = PBXFileReference; lastKnownFileType = sourcecode.swift; name = MainMenuAnimatedView.swift; path = SWAPI_client/customViews/MainMenuAnimatedView/MainMenuAnimatedView.swift; sourceTree = SOURCE_ROOT; };
		22AAC33322A01E9A007EE666 /* KeyedDecodingContainer+Decode.swift */ = {isa = PBXFileReference; lastKnownFileType = sourcecode.swift; path = "KeyedDecodingContainer+Decode.swift"; sourceTree = "<group>"; };
		22AAC33522A01F51007EE666 /* ItemBase.swift */ = {isa = PBXFileReference; lastKnownFileType = sourcecode.swift; path = ItemBase.swift; sourceTree = "<group>"; };
		22AAC33722A02184007EE666 /* PageBase.swift */ = {isa = PBXFileReference; lastKnownFileType = sourcecode.swift; path = PageBase.swift; sourceTree = "<group>"; };
		22E4131722BA4C0600D44776 /* PersonViewController.swift */ = {isa = PBXFileReference; lastKnownFileType = sourcecode.swift; path = PersonViewController.swift; sourceTree = "<group>"; };
		22E4131822BA4C0600D44776 /* PersonViewController.xib */ = {isa = PBXFileReference; lastKnownFileType = file.xib; path = PersonViewController.xib; sourceTree = "<group>"; };
		22E4131C22BA4C3100D44776 /* PersonViewModel.swift */ = {isa = PBXFileReference; lastKnownFileType = sourcecode.swift; path = PersonViewModel.swift; sourceTree = "<group>"; };
		22E4131E22BA4C3B00D44776 /* PersonViewModelType.swift */ = {isa = PBXFileReference; lastKnownFileType = sourcecode.swift; path = PersonViewModelType.swift; sourceTree = "<group>"; };
		22E4132222BA99B400D44776 /* PeopleViewController.swift */ = {isa = PBXFileReference; lastKnownFileType = sourcecode.swift; path = PeopleViewController.swift; sourceTree = "<group>"; };
		22E4132322BA99B400D44776 /* PeopleViewController.xib */ = {isa = PBXFileReference; lastKnownFileType = file.xib; path = PeopleViewController.xib; sourceTree = "<group>"; };
		22E4132722BA99F700D44776 /* PeopleViewModelType.swift */ = {isa = PBXFileReference; lastKnownFileType = sourcecode.swift; path = PeopleViewModelType.swift; sourceTree = "<group>"; };
		22E4132922BA99FF00D44776 /* PeopleViewModel.swift */ = {isa = PBXFileReference; lastKnownFileType = sourcecode.swift; path = PeopleViewModel.swift; sourceTree = "<group>"; };
		6709F46421E0E44100056F80 /* MainMenuSquareView.swift */ = {isa = PBXFileReference; lastKnownFileType = sourcecode.swift; path = MainMenuSquareView.swift; sourceTree = "<group>"; };
		6709F46521E0E44100056F80 /* MainMenuSquareView.xib */ = {isa = PBXFileReference; lastKnownFileType = file.xib; path = MainMenuSquareView.xib; sourceTree = "<group>"; };
		6709F46A21E0EEDE00056F80 /* UIView+fixInView.swift */ = {isa = PBXFileReference; lastKnownFileType = sourcecode.swift; path = "UIView+fixInView.swift"; sourceTree = "<group>"; };
		6714169C21B053A800B90FD9 /* Holocron.app */ = {isa = PBXFileReference; explicitFileType = wrapper.application; includeInIndex = 0; path = Holocron.app; sourceTree = BUILT_PRODUCTS_DIR; };
		6714169F21B053A800B90FD9 /* AppDelegate.swift */ = {isa = PBXFileReference; lastKnownFileType = sourcecode.swift; path = AppDelegate.swift; sourceTree = "<group>"; };
		671416A721B053A800B90FD9 /* SWAPI_client.xcdatamodel */ = {isa = PBXFileReference; lastKnownFileType = wrapper.xcdatamodel; path = SWAPI_client.xcdatamodel; sourceTree = "<group>"; };
		671416A921B053AA00B90FD9 /* Assets.xcassets */ = {isa = PBXFileReference; lastKnownFileType = folder.assetcatalog; path = Assets.xcassets; sourceTree = "<group>"; };
		671416AC21B053AA00B90FD9 /* Base */ = {isa = PBXFileReference; lastKnownFileType = file.storyboard; name = Base; path = Base.lproj/LaunchScreen.storyboard; sourceTree = "<group>"; };
		671416AE21B053AA00B90FD9 /* Info.plist */ = {isa = PBXFileReference; lastKnownFileType = text.plist.xml; path = Info.plist; sourceTree = "<group>"; };
		671416B321B053AA00B90FD9 /* SWAPI_clientTests.xctest */ = {isa = PBXFileReference; explicitFileType = wrapper.cfbundle; includeInIndex = 0; path = SWAPI_clientTests.xctest; sourceTree = BUILT_PRODUCTS_DIR; };
		671416B721B053AA00B90FD9 /* SWAPI_clientTests.swift */ = {isa = PBXFileReference; lastKnownFileType = sourcecode.swift; path = SWAPI_clientTests.swift; sourceTree = "<group>"; };
		671416B921B053AA00B90FD9 /* Info.plist */ = {isa = PBXFileReference; lastKnownFileType = text.plist.xml; path = Info.plist; sourceTree = "<group>"; };
		671416BE21B053AA00B90FD9 /* SWAPI_clientUITests.xctest */ = {isa = PBXFileReference; explicitFileType = wrapper.cfbundle; includeInIndex = 0; path = SWAPI_clientUITests.xctest; sourceTree = BUILT_PRODUCTS_DIR; };
		671416C221B053AA00B90FD9 /* SWAPI_clientUITests.swift */ = {isa = PBXFileReference; lastKnownFileType = sourcecode.swift; path = SWAPI_clientUITests.swift; sourceTree = "<group>"; };
		671416C421B053AA00B90FD9 /* Info.plist */ = {isa = PBXFileReference; lastKnownFileType = text.plist.xml; path = Info.plist; sourceTree = "<group>"; };
		671416D221B0547400B90FD9 /* ViewModel.swift */ = {isa = PBXFileReference; lastKnownFileType = sourcecode.swift; path = ViewModel.swift; sourceTree = "<group>"; };
		671416D421B0548E00B90FD9 /* ViewModelOwner.swift */ = {isa = PBXFileReference; lastKnownFileType = sourcecode.swift; path = ViewModelOwner.swift; sourceTree = "<group>"; };
		671416D621B054B000B90FD9 /* associatedObject.swift */ = {isa = PBXFileReference; lastKnownFileType = sourcecode.swift; path = associatedObject.swift; sourceTree = "<group>"; };
		671416D921B054DA00B90FD9 /* NavigationController.swift */ = {isa = PBXFileReference; lastKnownFileType = sourcecode.swift; path = NavigationController.swift; sourceTree = "<group>"; };
		671416DC21B0551900B90FD9 /* FlowControllerType.swift */ = {isa = PBXFileReference; lastKnownFileType = sourcecode.swift; path = FlowControllerType.swift; sourceTree = "<group>"; };
		671416DE21B0552F00B90FD9 /* FlowController.swift */ = {isa = PBXFileReference; lastKnownFileType = sourcecode.swift; path = FlowController.swift; sourceTree = "<group>"; };
		671416E521B055E200B90FD9 /* MainMenuViewController.swift */ = {isa = PBXFileReference; lastKnownFileType = sourcecode.swift; name = MainMenuViewController.swift; path = SWAPI_client/ViewControllers/MainMenu/MainMenuViewController.swift; sourceTree = SOURCE_ROOT; };
		671416E621B055E200B90FD9 /* MainMenuViewController.xib */ = {isa = PBXFileReference; lastKnownFileType = file.xib; name = MainMenuViewController.xib; path = SWAPI_client/ViewControllers/MainMenu/MainMenuViewController.xib; sourceTree = SOURCE_ROOT; };
		671416E921B0563600B90FD9 /* MainMenuViewModel.swift */ = {isa = PBXFileReference; lastKnownFileType = sourcecode.swift; path = MainMenuViewModel.swift; sourceTree = "<group>"; };
		671416EB21B0564E00B90FD9 /* MainMenuViewModelType.swift */ = {isa = PBXFileReference; lastKnownFileType = sourcecode.swift; path = MainMenuViewModelType.swift; sourceTree = "<group>"; };
		671416EE21B056C500B90FD9 /* DependencyContainer.swift */ = {isa = PBXFileReference; lastKnownFileType = sourcecode.swift; path = DependencyContainer.swift; sourceTree = "<group>"; };
		671416F021B056F300B90FD9 /* DependencyContainerType.swift */ = {isa = PBXFileReference; lastKnownFileType = sourcecode.swift; path = DependencyContainerType.swift; sourceTree = "<group>"; };
		6722E2D722246D6300DC0DDB /* UIViewController+ColorChanging.swift */ = {isa = PBXFileReference; lastKnownFileType = sourcecode.swift; path = "UIViewController+ColorChanging.swift"; sourceTree = "<group>"; };
		67239BE72211EA8D006AB3B9 /* UserDefaults+IsFirstLaunch.swift */ = {isa = PBXFileReference; lastKnownFileType = sourcecode.swift; path = "UserDefaults+IsFirstLaunch.swift"; sourceTree = "<group>"; };
		6742C4FE2233D8300076A3BA /* pl */ = {isa = PBXFileReference; lastKnownFileType = text.plist.strings; name = pl; path = pl.lproj/LaunchScreen.strings; sourceTree = "<group>"; };
		6742C5022233D8A50076A3BA /* pl */ = {isa = PBXFileReference; lastKnownFileType = text.plist.strings; name = pl; path = pl.lproj/Localizable.strings; sourceTree = "<group>"; };
		6742C5042233D90D0076A3BA /* en */ = {isa = PBXFileReference; lastKnownFileType = text.plist.strings; name = en; path = en.lproj/Localizable.strings; sourceTree = "<group>"; };
		6742C5062233ED860076A3BA /* BasicHeaderView.swift */ = {isa = PBXFileReference; lastKnownFileType = sourcecode.swift; path = BasicHeaderView.swift; sourceTree = "<group>"; };
		6742C5072233ED860076A3BA /* BasicHeaderView.xib */ = {isa = PBXFileReference; lastKnownFileType = file.xib; path = BasicHeaderView.xib; sourceTree = "<group>"; };
		675438DE21FE167900900D30 /* MainTableViewCell.swift */ = {isa = PBXFileReference; lastKnownFileType = sourcecode.swift; path = MainTableViewCell.swift; sourceTree = "<group>"; };
		675438DF21FE167900900D30 /* MainTableViewCell.xib */ = {isa = PBXFileReference; lastKnownFileType = file.xib; path = MainTableViewCell.xib; sourceTree = "<group>"; };
		675438E221FE24A300900D30 /* URLSessionCreator.swift */ = {isa = PBXFileReference; lastKnownFileType = sourcecode.swift; path = URLSessionCreator.swift; sourceTree = "<group>"; };
		6771D7C02205E2F500E1D031 /* Film.swift */ = {isa = PBXFileReference; lastKnownFileType = sourcecode.swift; path = Film.swift; sourceTree = "<group>"; };
		6771D7C42205EA8700E1D031 /* Films.swift */ = {isa = PBXFileReference; lastKnownFileType = sourcecode.swift; path = Films.swift; sourceTree = "<group>"; };
		6771D7C62205EB5F00E1D031 /* Kind.swift */ = {isa = PBXFileReference; lastKnownFileType = sourcecode.swift; path = Kind.swift; sourceTree = "<group>"; };
		6771D7C82205ED3500E1D031 /* Species.swift */ = {isa = PBXFileReference; lastKnownFileType = sourcecode.swift; path = Species.swift; sourceTree = "<group>"; };
		6771D7CA2205ED8600E1D031 /* Starship.swift */ = {isa = PBXFileReference; lastKnownFileType = sourcecode.swift; path = Starship.swift; sourceTree = "<group>"; };
		6771D7CC2205ED9000E1D031 /* Starships.swift */ = {isa = PBXFileReference; lastKnownFileType = sourcecode.swift; path = Starships.swift; sourceTree = "<group>"; };
		6771D7CE2205EF8800E1D031 /* Vehicles.swift */ = {isa = PBXFileReference; lastKnownFileType = sourcecode.swift; path = Vehicles.swift; sourceTree = "<group>"; };
		6771D7D02205EF9100E1D031 /* Vehicle.swift */ = {isa = PBXFileReference; lastKnownFileType = sourcecode.swift; path = Vehicle.swift; sourceTree = "<group>"; };
		6771D7D2220654CB00E1D031 /* Planet.swift */ = {isa = PBXFileReference; lastKnownFileType = sourcecode.swift; path = Planet.swift; sourceTree = "<group>"; };
		6771D7D4220654D400E1D031 /* Planets.swift */ = {isa = PBXFileReference; lastKnownFileType = sourcecode.swift; path = Planets.swift; sourceTree = "<group>"; };
		67969D9521F35AEB00B0A6EE /* InternetReachability.swift */ = {isa = PBXFileReference; lastKnownFileType = sourcecode.swift; path = InternetReachability.swift; sourceTree = "<group>"; };
		67969D9A21F3701D00B0A6EE /* APIClient.swift */ = {isa = PBXFileReference; lastKnownFileType = sourcecode.swift; path = APIClient.swift; sourceTree = "<group>"; };
		67969D9C21F494A800B0A6EE /* Person.swift */ = {isa = PBXFileReference; lastKnownFileType = sourcecode.swift; path = Person.swift; sourceTree = "<group>"; };
		67969D9E21F496DE00B0A6EE /* People.swift */ = {isa = PBXFileReference; lastKnownFileType = sourcecode.swift; path = People.swift; sourceTree = "<group>"; };
		679C8A7A21EA693B001ECDEC /* MainTableViewController.swift */ = {isa = PBXFileReference; lastKnownFileType = sourcecode.swift; path = MainTableViewController.swift; sourceTree = "<group>"; };
		679C8A7B21EA693B001ECDEC /* MainTableViewController.xib */ = {isa = PBXFileReference; lastKnownFileType = file.xib; path = MainTableViewController.xib; sourceTree = "<group>"; };
		679C8A7E21EA6A48001ECDEC /* MainTableViewModelType.swift */ = {isa = PBXFileReference; lastKnownFileType = sourcecode.swift; path = MainTableViewModelType.swift; sourceTree = "<group>"; };
		679C8A8021EA6A6B001ECDEC /* MainTableViewModel.swift */ = {isa = PBXFileReference; lastKnownFileType = sourcecode.swift; path = MainTableViewModel.swift; sourceTree = "<group>"; };
		67B714E22249404B0033C249 /* Apperance.swift */ = {isa = PBXFileReference; lastKnownFileType = sourcecode.swift; path = Apperance.swift; sourceTree = "<group>"; };
		67B714E4224943F20033C249 /* NavigationBar.swift */ = {isa = PBXFileReference; lastKnownFileType = sourcecode.swift; path = NavigationBar.swift; sourceTree = "<group>"; };
		67B714E6224945410033C249 /* UIFont+ProjectFonts.swift */ = {isa = PBXFileReference; lastKnownFileType = sourcecode.swift; path = "UIFont+ProjectFonts.swift"; sourceTree = "<group>"; };
		67BE63C4220CA414002347E4 /* APIParser.swift */ = {isa = PBXFileReference; lastKnownFileType = sourcecode.swift; path = APIParser.swift; sourceTree = "<group>"; };
		67BE63C6220CA5BA002347E4 /* Router.swift */ = {isa = PBXFileReference; lastKnownFileType = sourcecode.swift; path = Router.swift; sourceTree = "<group>"; };
		67CA0741221340D5001B55BB /* DetailsViewController.swift */ = {isa = PBXFileReference; lastKnownFileType = sourcecode.swift; path = DetailsViewController.swift; sourceTree = "<group>"; };
		67CA0742221340D5001B55BB /* DetailsViewController.xib */ = {isa = PBXFileReference; lastKnownFileType = file.xib; path = DetailsViewController.xib; sourceTree = "<group>"; };
		67CA0746221341AA001B55BB /* DetailsViewModelType.swift */ = {isa = PBXFileReference; lastKnownFileType = sourcecode.swift; path = DetailsViewModelType.swift; sourceTree = "<group>"; };
		67CA0748221341B4001B55BB /* DetailsViewModel.swift */ = {isa = PBXFileReference; lastKnownFileType = sourcecode.swift; path = DetailsViewModel.swift; sourceTree = "<group>"; };
		67D3CBB9224BEDA6001B5402 /* Logger.swift */ = {isa = PBXFileReference; lastKnownFileType = sourcecode.swift; path = Logger.swift; sourceTree = "<group>"; };
		67E8FC82220EF40500CB9B40 /* OptionsViewController.swift */ = {isa = PBXFileReference; lastKnownFileType = sourcecode.swift; path = OptionsViewController.swift; sourceTree = "<group>"; };
		67E8FC83220EF40500CB9B40 /* OptionsViewController.xib */ = {isa = PBXFileReference; lastKnownFileType = file.xib; path = OptionsViewController.xib; sourceTree = "<group>"; };
		67E8FC87220EF66900CB9B40 /* OptionsViewModel.swift */ = {isa = PBXFileReference; lastKnownFileType = sourcecode.swift; path = OptionsViewModel.swift; sourceTree = "<group>"; };
		67E8FC89220EF67600CB9B40 /* OptionsViewModelType.swift */ = {isa = PBXFileReference; lastKnownFileType = sourcecode.swift; path = OptionsViewModelType.swift; sourceTree = "<group>"; };
		67E8FC8E220EFE2E00CB9B40 /* OptionsCellWithSwitch.swift */ = {isa = PBXFileReference; lastKnownFileType = sourcecode.swift; path = OptionsCellWithSwitch.swift; sourceTree = "<group>"; };
		67E8FC8F220EFE2E00CB9B40 /* OptionsCellWithSwitch.xib */ = {isa = PBXFileReference; lastKnownFileType = file.xib; path = OptionsCellWithSwitch.xib; sourceTree = "<group>"; };
/* End PBXFileReference section */

/* Begin PBXFrameworksBuildPhase section */
		22554B73229F342700ED428C /* Frameworks */ = {
			isa = PBXFrameworksBuildPhase;
			buildActionMask = 2147483647;
			files = (
				22554B80229F344600ED428C /* EarlGrey.framework in Frameworks */,
			);
			runOnlyForDeploymentPostprocessing = 0;
		};
		6714169921B053A800B90FD9 /* Frameworks */ = {
			isa = PBXFrameworksBuildPhase;
			buildActionMask = 2147483647;
			files = (
			);
			runOnlyForDeploymentPostprocessing = 0;
		};
		671416B021B053AA00B90FD9 /* Frameworks */ = {
			isa = PBXFrameworksBuildPhase;
			buildActionMask = 2147483647;
			files = (
			);
			runOnlyForDeploymentPostprocessing = 0;
		};
		671416BB21B053AA00B90FD9 /* Frameworks */ = {
			isa = PBXFrameworksBuildPhase;
			buildActionMask = 2147483647;
			files = (
			);
			runOnlyForDeploymentPostprocessing = 0;
		};
/* End PBXFrameworksBuildPhase section */

/* Begin PBXGroup section */
		22554B6E229F2EC100ED428C /* Frameworks */ = {
			isa = PBXGroup;
			children = (
				22554B6F229F2EC200ED428C /* EarlGrey.framework */,
			);
			name = Frameworks;
			sourceTree = "<group>";
		};
		22554B77229F342800ED428C /* EarlGreyTests */ = {
			isa = PBXGroup;
			children = (
				22554B78229F342800ED428C /* EarlGreyTests.swift */,
				22554B7A229F342800ED428C /* Info.plist */,
				22554B82229F361A00ED428C /* EarlGrey.swift */,
			);
			path = EarlGreyTests;
			sourceTree = "<group>";
		};
		226ACA4122B9087A00CED67B /* MainMenuAnimatedView */ = {
			isa = PBXGroup;
			children = (
				226ACA4422B908C300CED67B /* MainMenuAnimatedView.swift */,
				226ACA4222B908B000CED67B /* MainMenuAnimatedView.xib */,
			);
			path = MainMenuAnimatedView;
			sourceTree = "<group>";
		};
		22AAC33922A024D3007EE666 /* Pages */ = {
			isa = PBXGroup;
			children = (
				22AAC33722A02184007EE666 /* PageBase.swift */,
				67969D9E21F496DE00B0A6EE /* People.swift */,
				6771D7C42205EA8700E1D031 /* Films.swift */,
				6771D7C82205ED3500E1D031 /* Species.swift */,
				6771D7CC2205ED9000E1D031 /* Starships.swift */,
				6771D7CE2205EF8800E1D031 /* Vehicles.swift */,
				6771D7D4220654D400E1D031 /* Planets.swift */,
			);
			path = Pages;
			sourceTree = "<group>";
		};
		22AAC33A22A024E4007EE666 /* Items */ = {
			isa = PBXGroup;
			children = (
				22AAC33522A01F51007EE666 /* ItemBase.swift */,
				67969D9C21F494A800B0A6EE /* Person.swift */,
				6771D7C02205E2F500E1D031 /* Film.swift */,
				6771D7C62205EB5F00E1D031 /* Kind.swift */,
				6771D7CA2205ED8600E1D031 /* Starship.swift */,
				6771D7D02205EF9100E1D031 /* Vehicle.swift */,
				6771D7D2220654CB00E1D031 /* Planet.swift */,
			);
			path = Items;
			sourceTree = "<group>";
		};
		22E4131522BA4B8900D44776 /* DetailsViewControllers */ = {
			isa = PBXGroup;
			children = (
				22E4131622BA4BB500D44776 /* PersonViewController */,
			);
			path = DetailsViewControllers;
			sourceTree = "<group>";
		};
		22E4131622BA4BB500D44776 /* PersonViewController */ = {
			isa = PBXGroup;
			children = (
				22E4131B22BA4C1E00D44776 /* ViewModel */,
				22E4131722BA4C0600D44776 /* PersonViewController.swift */,
				22E4131822BA4C0600D44776 /* PersonViewController.xib */,
			);
			path = PersonViewController;
			sourceTree = "<group>";
		};
		22E4131B22BA4C1E00D44776 /* ViewModel */ = {
			isa = PBXGroup;
			children = (
				22E4131E22BA4C3B00D44776 /* PersonViewModelType.swift */,
				22E4131C22BA4C3100D44776 /* PersonViewModel.swift */,
			);
			path = ViewModel;
			sourceTree = "<group>";
		};
		22E4132022BA96A700D44776 /* ListViewControllers */ = {
			isa = PBXGroup;
			children = (
				22E4132122BA999F00D44776 /* PeopleViewController */,
			);
			path = ListViewControllers;
			sourceTree = "<group>";
		};
		22E4132122BA999F00D44776 /* PeopleViewController */ = {
			isa = PBXGroup;
			children = (
				22E4132622BA99EA00D44776 /* ViewModel */,
				22E4132222BA99B400D44776 /* PeopleViewController.swift */,
				22E4132322BA99B400D44776 /* PeopleViewController.xib */,
			);
			path = PeopleViewController;
			sourceTree = "<group>";
		};
		22E4132622BA99EA00D44776 /* ViewModel */ = {
			isa = PBXGroup;
			children = (
				22E4132722BA99F700D44776 /* PeopleViewModelType.swift */,
				22E4132922BA99FF00D44776 /* PeopleViewModel.swift */,
			);
			path = ViewModel;
			sourceTree = "<group>";
		};
		6709F46921E0EEBC00056F80 /* Extensions */ = {
			isa = PBXGroup;
			children = (
				6722E2D722246D6300DC0DDB /* UIViewController+ColorChanging.swift */,
				22AAC33322A01E9A007EE666 /* KeyedDecodingContainer+Decode.swift */,
				67B714E6224945410033C249 /* UIFont+ProjectFonts.swift */,
				6709F46A21E0EEDE00056F80 /* UIView+fixInView.swift */,
				67239BE72211EA8D006AB3B9 /* UserDefaults+IsFirstLaunch.swift */,
			);
			path = Extensions;
			sourceTree = "<group>";
		};
		6714169321B053A800B90FD9 = {
			isa = PBXGroup;
			children = (
				6714169E21B053A800B90FD9 /* SWAPI_client */,
				671416B621B053AA00B90FD9 /* SWAPI_clientTests */,
				671416C121B053AA00B90FD9 /* SWAPI_clientUITests */,
				22554B77229F342800ED428C /* EarlGreyTests */,
				6714169D21B053A800B90FD9 /* Products */,
				22554B6E229F2EC100ED428C /* Frameworks */,
			);
			sourceTree = "<group>";
		};
		6714169D21B053A800B90FD9 /* Products */ = {
			isa = PBXGroup;
			children = (
				6714169C21B053A800B90FD9 /* Holocron.app */,
				671416B321B053AA00B90FD9 /* SWAPI_clientTests.xctest */,
				671416BE21B053AA00B90FD9 /* SWAPI_clientUITests.xctest */,
				22554B76229F342700ED428C /* EarlGreyTests.xctest */,
			);
			name = Products;
			sourceTree = "<group>";
		};
		6714169E21B053A800B90FD9 /* SWAPI_client */ = {
			isa = PBXGroup;
			children = (
				67B714E02249402F0033C249 /* Service */,
				67B714DF224940130033C249 /* AppDelegate */,
				67969D9721F36D9D00B0A6EE /* Models */,
				67969D9421F35AD800B0A6EE /* Utility */,
				6709F46921E0EEBC00056F80 /* Extensions */,
				67B1721921D012840012477A /* CustomViews */,
				671416D121B0545C00B90FD9 /* ViewModel */,
				671416D821B054C500B90FD9 /* NavigationController */,
				671416DB21B054FD00B90FD9 /* FlowController */,
				671416ED21B056B400B90FD9 /* DependencyContainer */,
				675438D821FCF61600900D30 /* TableViewCells */,
				671416E221B055B000B90FD9 /* ViewControllers */,
				671416D021B0544000B90FD9 /* Resources */,
				671416A621B053A800B90FD9 /* SWAPI_client.xcdatamodeld */,
				671416AB21B053AA00B90FD9 /* LaunchScreen.storyboard */,
				671416AE21B053AA00B90FD9 /* Info.plist */,
			);
			path = SWAPI_client;
			sourceTree = "<group>";
		};
		671416B621B053AA00B90FD9 /* SWAPI_clientTests */ = {
			isa = PBXGroup;
			children = (
				671416B721B053AA00B90FD9 /* SWAPI_clientTests.swift */,
				671416B921B053AA00B90FD9 /* Info.plist */,
			);
			path = SWAPI_clientTests;
			sourceTree = "<group>";
		};
		671416C121B053AA00B90FD9 /* SWAPI_clientUITests */ = {
			isa = PBXGroup;
			children = (
				671416C221B053AA00B90FD9 /* SWAPI_clientUITests.swift */,
				671416C421B053AA00B90FD9 /* Info.plist */,
			);
			path = SWAPI_clientUITests;
			sourceTree = "<group>";
		};
		671416D021B0544000B90FD9 /* Resources */ = {
			isa = PBXGroup;
			children = (
				671416A921B053AA00B90FD9 /* Assets.xcassets */,
				6742C5032233D8A50076A3BA /* Localizable.strings */,
			);
			path = Resources;
			sourceTree = "<group>";
		};
		671416D121B0545C00B90FD9 /* ViewModel */ = {
			isa = PBXGroup;
			children = (
				671416D221B0547400B90FD9 /* ViewModel.swift */,
				671416D421B0548E00B90FD9 /* ViewModelOwner.swift */,
				671416D621B054B000B90FD9 /* associatedObject.swift */,
			);
			path = ViewModel;
			sourceTree = "<group>";
		};
		671416D821B054C500B90FD9 /* NavigationController */ = {
			isa = PBXGroup;
			children = (
				671416D921B054DA00B90FD9 /* NavigationController.swift */,
			);
			path = NavigationController;
			sourceTree = "<group>";
		};
		671416DB21B054FD00B90FD9 /* FlowController */ = {
			isa = PBXGroup;
			children = (
				671416DC21B0551900B90FD9 /* FlowControllerType.swift */,
				671416DE21B0552F00B90FD9 /* FlowController.swift */,
			);
			path = FlowController;
			sourceTree = "<group>";
		};
		671416E221B055B000B90FD9 /* ViewControllers */ = {
			isa = PBXGroup;
			children = (
				22E4132022BA96A700D44776 /* ListViewControllers */,
				22E4131522BA4B8900D44776 /* DetailsViewControllers */,
				67BDB61F2213401400E91086 /* Details */,
				67E8FC81220EF3CB00CB9B40 /* Options */,
				679C8A7821EA690D001ECDEC /* MainTable */,
				671416E321B055C100B90FD9 /* MainMenu */,
			);
			path = ViewControllers;
			sourceTree = "<group>";
		};
		671416E321B055C100B90FD9 /* MainMenu */ = {
			isa = PBXGroup;
			children = (
				671416E421B055CF00B90FD9 /* ViewModel */,
				671416E521B055E200B90FD9 /* MainMenuViewController.swift */,
				671416E621B055E200B90FD9 /* MainMenuViewController.xib */,
			);
			path = MainMenu;
			sourceTree = "<group>";
		};
		671416E421B055CF00B90FD9 /* ViewModel */ = {
			isa = PBXGroup;
			children = (
				671416EB21B0564E00B90FD9 /* MainMenuViewModelType.swift */,
				671416E921B0563600B90FD9 /* MainMenuViewModel.swift */,
			);
			path = ViewModel;
			sourceTree = "<group>";
		};
		671416ED21B056B400B90FD9 /* DependencyContainer */ = {
			isa = PBXGroup;
			children = (
				671416F021B056F300B90FD9 /* DependencyContainerType.swift */,
				671416EE21B056C500B90FD9 /* DependencyContainer.swift */,
			);
			path = DependencyContainer;
			sourceTree = "<group>";
		};
		6742C5052233ED6B0076A3BA /* BasicHeaderView */ = {
			isa = PBXGroup;
			children = (
				6742C5062233ED860076A3BA /* BasicHeaderView.swift */,
				6742C5072233ED860076A3BA /* BasicHeaderView.xib */,
			);
			path = BasicHeaderView;
			sourceTree = "<group>";
		};
		675438D821FCF61600900D30 /* TableViewCells */ = {
			isa = PBXGroup;
			children = (
				67E8FC8B220EFDE400CB9B40 /* OptionsCellWithSwitch */,
				675438DD21FE166900900D30 /* MainTableViewCell */,
			);
			path = TableViewCells;
			sourceTree = "<group>";
		};
		675438DD21FE166900900D30 /* MainTableViewCell */ = {
			isa = PBXGroup;
			children = (
				675438DE21FE167900900D30 /* MainTableViewCell.swift */,
				675438DF21FE167900900D30 /* MainTableViewCell.xib */,
			);
			path = MainTableViewCell;
			sourceTree = "<group>";
		};
		67969D9421F35AD800B0A6EE /* Utility */ = {
			isa = PBXGroup;
			children = (
				67969D9521F35AEB00B0A6EE /* InternetReachability.swift */,
				67D3CBB9224BEDA6001B5402 /* Logger.swift */,
				67B714E4224943F20033C249 /* NavigationBar.swift */,
			);
			path = Utility;
			sourceTree = "<group>";
		};
		67969D9721F36D9D00B0A6EE /* Models */ = {
			isa = PBXGroup;
			children = (
				22AAC33A22A024E4007EE666 /* Items */,
				22AAC33922A024D3007EE666 /* Pages */,
			);
			path = Models;
			sourceTree = "<group>";
		};
		679C8A7821EA690D001ECDEC /* MainTable */ = {
			isa = PBXGroup;
			children = (
				679C8A7921EA6922001ECDEC /* ViewModel */,
				679C8A7A21EA693B001ECDEC /* MainTableViewController.swift */,
				679C8A7B21EA693B001ECDEC /* MainTableViewController.xib */,
			);
			path = MainTable;
			sourceTree = "<group>";
		};
		679C8A7921EA6922001ECDEC /* ViewModel */ = {
			isa = PBXGroup;
			children = (
				679C8A7E21EA6A48001ECDEC /* MainTableViewModelType.swift */,
				679C8A8021EA6A6B001ECDEC /* MainTableViewModel.swift */,
			);
			path = ViewModel;
			sourceTree = "<group>";
		};
		67B1721921D012840012477A /* CustomViews */ = {
			isa = PBXGroup;
			children = (
				226ACA4122B9087A00CED67B /* MainMenuAnimatedView */,
				6742C5052233ED6B0076A3BA /* BasicHeaderView */,
				67B1721A21D012910012477A /* MainMenuSquareView */,
			);
			path = CustomViews;
			sourceTree = "<group>";
		};
		67B1721A21D012910012477A /* MainMenuSquareView */ = {
			isa = PBXGroup;
			children = (
				6709F46421E0E44100056F80 /* MainMenuSquareView.swift */,
				6709F46521E0E44100056F80 /* MainMenuSquareView.xib */,
			);
			path = MainMenuSquareView;
			sourceTree = "<group>";
		};
		67B714DF224940130033C249 /* AppDelegate */ = {
			isa = PBXGroup;
			children = (
				6714169F21B053A800B90FD9 /* AppDelegate.swift */,
			);
			path = AppDelegate;
			sourceTree = "<group>";
		};
		67B714E02249402F0033C249 /* Service */ = {
			isa = PBXGroup;
			children = (
				67969D9A21F3701D00B0A6EE /* APIClient.swift */,
				675438E221FE24A300900D30 /* URLSessionCreator.swift */,
				67BE63C6220CA5BA002347E4 /* Router.swift */,
				67BE63C4220CA414002347E4 /* APIParser.swift */,
				67B714E12249403D0033C249 /* Apperance */,
			);
			path = Service;
			sourceTree = "<group>";
		};
		67B714E12249403D0033C249 /* Apperance */ = {
			isa = PBXGroup;
			children = (
				67B714E22249404B0033C249 /* Apperance.swift */,
			);
			path = Apperance;
			sourceTree = "<group>";
		};
		67BDB61F2213401400E91086 /* Details */ = {
			isa = PBXGroup;
			children = (
				67CA074522134192001B55BB /* ViewModel */,
				67CA0741221340D5001B55BB /* DetailsViewController.swift */,
				67CA0742221340D5001B55BB /* DetailsViewController.xib */,
			);
			path = Details;
			sourceTree = "<group>";
		};
		67CA074522134192001B55BB /* ViewModel */ = {
			isa = PBXGroup;
			children = (
				67CA0746221341AA001B55BB /* DetailsViewModelType.swift */,
				67CA0748221341B4001B55BB /* DetailsViewModel.swift */,
			);
			path = ViewModel;
			sourceTree = "<group>";
		};
		67E8FC81220EF3CB00CB9B40 /* Options */ = {
			isa = PBXGroup;
			children = (
				67E8FC86220EF65300CB9B40 /* ViewModel */,
				67E8FC82220EF40500CB9B40 /* OptionsViewController.swift */,
				67E8FC83220EF40500CB9B40 /* OptionsViewController.xib */,
			);
			path = Options;
			sourceTree = "<group>";
		};
		67E8FC86220EF65300CB9B40 /* ViewModel */ = {
			isa = PBXGroup;
			children = (
				67E8FC89220EF67600CB9B40 /* OptionsViewModelType.swift */,
				67E8FC87220EF66900CB9B40 /* OptionsViewModel.swift */,
			);
			path = ViewModel;
			sourceTree = "<group>";
		};
		67E8FC8B220EFDE400CB9B40 /* OptionsCellWithSwitch */ = {
			isa = PBXGroup;
			children = (
				67E8FC8E220EFE2E00CB9B40 /* OptionsCellWithSwitch.swift */,
				67E8FC8F220EFE2E00CB9B40 /* OptionsCellWithSwitch.xib */,
			);
			path = OptionsCellWithSwitch;
			sourceTree = "<group>";
		};
/* End PBXGroup section */

/* Begin PBXNativeTarget section */
		22554B75229F342700ED428C /* EarlGreyTests */ = {
			isa = PBXNativeTarget;
			buildConfigurationList = 22554B7D229F342800ED428C /* Build configuration list for PBXNativeTarget "EarlGreyTests" */;
			buildPhases = (
				22554B72229F342700ED428C /* Sources */,
				22554B73229F342700ED428C /* Frameworks */,
				22554B74229F342700ED428C /* Resources */,
				22554B81229F344900ED428C /* Carthage */,
				94700AF12FD13726223C4A8E /* EarlGrey Copy Files */,
			);
			buildRules = (
			);
			dependencies = (
				22554B7C229F342800ED428C /* PBXTargetDependency */,
			);
			name = EarlGreyTests;
			productName = EarlGreyTests;
			productReference = 22554B76229F342700ED428C /* EarlGreyTests.xctest */;
			productType = "com.apple.product-type.bundle.unit-test";
		};
		6714169B21B053A800B90FD9 /* SWAPI_client */ = {
			isa = PBXNativeTarget;
			buildConfigurationList = 671416C721B053AA00B90FD9 /* Build configuration list for PBXNativeTarget "SWAPI_client" */;
			buildPhases = (
				6714169821B053A800B90FD9 /* Sources */,
				6714169921B053A800B90FD9 /* Frameworks */,
				6714169A21B053A800B90FD9 /* Resources */,
			);
			buildRules = (
			);
			dependencies = (
			);
			name = SWAPI_client;
			productName = SWAPI_client;
			productReference = 6714169C21B053A800B90FD9 /* Holocron.app */;
			productType = "com.apple.product-type.application";
		};
		671416B221B053AA00B90FD9 /* SWAPI_clientTests */ = {
			isa = PBXNativeTarget;
			buildConfigurationList = 671416CA21B053AA00B90FD9 /* Build configuration list for PBXNativeTarget "SWAPI_clientTests" */;
			buildPhases = (
				671416AF21B053AA00B90FD9 /* Sources */,
				671416B021B053AA00B90FD9 /* Frameworks */,
				671416B121B053AA00B90FD9 /* Resources */,
			);
			buildRules = (
			);
			dependencies = (
				671416B521B053AA00B90FD9 /* PBXTargetDependency */,
			);
			name = SWAPI_clientTests;
			productName = SWAPI_clientTests;
			productReference = 671416B321B053AA00B90FD9 /* SWAPI_clientTests.xctest */;
			productType = "com.apple.product-type.bundle.unit-test";
		};
		671416BD21B053AA00B90FD9 /* SWAPI_clientUITests */ = {
			isa = PBXNativeTarget;
			buildConfigurationList = 671416CD21B053AA00B90FD9 /* Build configuration list for PBXNativeTarget "SWAPI_clientUITests" */;
			buildPhases = (
				671416BA21B053AA00B90FD9 /* Sources */,
				671416BB21B053AA00B90FD9 /* Frameworks */,
				671416BC21B053AA00B90FD9 /* Resources */,
			);
			buildRules = (
			);
			dependencies = (
				671416C021B053AA00B90FD9 /* PBXTargetDependency */,
			);
			name = SWAPI_clientUITests;
			productName = SWAPI_clientUITests;
			productReference = 671416BE21B053AA00B90FD9 /* SWAPI_clientUITests.xctest */;
			productType = "com.apple.product-type.bundle.ui-testing";
		};
/* End PBXNativeTarget section */

/* Begin PBXProject section */
		6714169421B053A800B90FD9 /* Project object */ = {
			isa = PBXProject;
			attributes = {
				LastSwiftUpdateCheck = 1020;
				LastUpgradeCheck = 1010;
				ORGANIZATIONNAME = JanSzala;
				TargetAttributes = {
					22554B75229F342700ED428C = {
						CreatedOnToolsVersion = 10.2.1;
						TestTargetID = 6714169B21B053A800B90FD9;
					};
					6714169B21B053A800B90FD9 = {
						CreatedOnToolsVersion = 10.1;
					};
					671416B221B053AA00B90FD9 = {
						CreatedOnToolsVersion = 10.1;
						TestTargetID = 6714169B21B053A800B90FD9;
					};
					671416BD21B053AA00B90FD9 = {
						CreatedOnToolsVersion = 10.1;
						TestTargetID = 6714169B21B053A800B90FD9;
					};
				};
			};
			buildConfigurationList = 6714169721B053A800B90FD9 /* Build configuration list for PBXProject "SWAPI_client" */;
			compatibilityVersion = "Xcode 9.3";
			developmentRegion = en;
			hasScannedForEncodings = 0;
			knownRegions = (
				en,
				Base,
				pl,
			);
			mainGroup = 6714169321B053A800B90FD9;
			productRefGroup = 6714169D21B053A800B90FD9 /* Products */;
			projectDirPath = "";
			projectRoot = "";
			targets = (
				6714169B21B053A800B90FD9 /* SWAPI_client */,
				671416B221B053AA00B90FD9 /* SWAPI_clientTests */,
				671416BD21B053AA00B90FD9 /* SWAPI_clientUITests */,
				22554B75229F342700ED428C /* EarlGreyTests */,
			);
		};
/* End PBXProject section */

/* Begin PBXResourcesBuildPhase section */
		22554B74229F342700ED428C /* Resources */ = {
			isa = PBXResourcesBuildPhase;
			buildActionMask = 2147483647;
			files = (
			);
			runOnlyForDeploymentPostprocessing = 0;
		};
		6714169A21B053A800B90FD9 /* Resources */ = {
			isa = PBXResourcesBuildPhase;
			buildActionMask = 2147483647;
			files = (
				671416AD21B053AA00B90FD9 /* LaunchScreen.storyboard in Resources */,
				6742C5012233D8A50076A3BA /* Localizable.strings in Resources */,
				6742C5092233ED860076A3BA /* BasicHeaderView.xib in Resources */,
				22E4132522BA99B400D44776 /* PeopleViewController.xib in Resources */,
				671416E821B055E200B90FD9 /* MainMenuViewController.xib in Resources */,
				675438E121FE167900900D30 /* MainTableViewCell.xib in Resources */,
				671416AA21B053AA00B90FD9 /* Assets.xcassets in Resources */,
				67E8FC85220EF40500CB9B40 /* OptionsViewController.xib in Resources */,
				679C8A7D21EA693B001ECDEC /* MainTableViewController.xib in Resources */,
				67E8FC91220EFE2E00CB9B40 /* OptionsCellWithSwitch.xib in Resources */,
				226ACA4322B908B000CED67B /* MainMenuAnimatedView.xib in Resources */,
				22E4131A22BA4C0600D44776 /* PersonViewController.xib in Resources */,
				67CA0744221340D5001B55BB /* DetailsViewController.xib in Resources */,
				6709F46721E0E44100056F80 /* MainMenuSquareView.xib in Resources */,
			);
			runOnlyForDeploymentPostprocessing = 0;
		};
		671416B121B053AA00B90FD9 /* Resources */ = {
			isa = PBXResourcesBuildPhase;
			buildActionMask = 2147483647;
			files = (
			);
			runOnlyForDeploymentPostprocessing = 0;
		};
		671416BC21B053AA00B90FD9 /* Resources */ = {
			isa = PBXResourcesBuildPhase;
			buildActionMask = 2147483647;
			files = (
			);
			runOnlyForDeploymentPostprocessing = 0;
		};
/* End PBXResourcesBuildPhase section */

/* Begin PBXShellScriptBuildPhase section */
		22554B81229F344900ED428C /* Carthage */ = {
			isa = PBXShellScriptBuildPhase;
			buildActionMask = 2147483647;
			files = (
			);
			inputFileListPaths = (
			);
			inputPaths = (
				"$(SRCROOT)/Carthage/Build/iOS/EarlGrey.framework",
			);
			name = Carthage;
			outputFileListPaths = (
			);
			outputPaths = (
			);
			runOnlyForDeploymentPostprocessing = 0;
			shellPath = /bin/sh;
			shellScript = "/usr/local/bin/carthage copy-frameworks\n";
		};
/* End PBXShellScriptBuildPhase section */

/* Begin PBXSourcesBuildPhase section */
		22554B72229F342700ED428C /* Sources */ = {
			isa = PBXSourcesBuildPhase;
			buildActionMask = 2147483647;
			files = (
				22554B83229F361A00ED428C /* EarlGrey.swift in Sources */,
				22554B79229F342800ED428C /* EarlGreyTests.swift in Sources */,
			);
			runOnlyForDeploymentPostprocessing = 0;
		};
		6714169821B053A800B90FD9 /* Sources */ = {
			isa = PBXSourcesBuildPhase;
			buildActionMask = 2147483647;
			files = (
				671416F121B056F300B90FD9 /* DependencyContainerType.swift in Sources */,
				67CA0743221340D5001B55BB /* DetailsViewController.swift in Sources */,
				6771D7D5220654D400E1D031 /* Planets.swift in Sources */,
				6771D7C12205E2F500E1D031 /* Film.swift in Sources */,
				671416DD21B0551900B90FD9 /* FlowControllerType.swift in Sources */,
				675438E321FE24A300900D30 /* URLSessionCreator.swift in Sources */,
				67969D9621F35AEB00B0A6EE /* InternetReachability.swift in Sources */,
				671416DF21B0552F00B90FD9 /* FlowController.swift in Sources */,
				6709F46621E0E44100056F80 /* MainMenuSquareView.swift in Sources */,
				22AAC33622A01F51007EE666 /* ItemBase.swift in Sources */,
				67E8FC90220EFE2E00CB9B40 /* OptionsCellWithSwitch.swift in Sources */,
				226ACA4522B908C300CED67B /* MainMenuAnimatedView.swift in Sources */,
				67BE63C7220CA5BA002347E4 /* Router.swift in Sources */,
				67CA0747221341AA001B55BB /* DetailsViewModelType.swift in Sources */,
				679C8A7C21EA693B001ECDEC /* MainTableViewController.swift in Sources */,
				675438E021FE167900900D30 /* MainTableViewCell.swift in Sources */,
				67239BE82211EA8D006AB3B9 /* UserDefaults+IsFirstLaunch.swift in Sources */,
				6771D7D3220654CB00E1D031 /* Planet.swift in Sources */,
				67969D9B21F3701D00B0A6EE /* APIClient.swift in Sources */,
				671416A821B053A800B90FD9 /* SWAPI_client.xcdatamodeld in Sources */,
				67BE63C5220CA414002347E4 /* APIParser.swift in Sources */,
				22E4131F22BA4C3B00D44776 /* PersonViewModelType.swift in Sources */,
				679C8A7F21EA6A48001ECDEC /* MainTableViewModelType.swift in Sources */,
				671416D321B0547400B90FD9 /* ViewModel.swift in Sources */,
				6771D7C92205ED3500E1D031 /* Species.swift in Sources */,
				67E8FC88220EF66900CB9B40 /* OptionsViewModel.swift in Sources */,
				671416EC21B0564E00B90FD9 /* MainMenuViewModelType.swift in Sources */,
				67D3CBBA224BEDA6001B5402 /* Logger.swift in Sources */,
				22E4131D22BA4C3100D44776 /* PersonViewModel.swift in Sources */,
				67B714E32249404B0033C249 /* Apperance.swift in Sources */,
				6771D7C72205EB5F00E1D031 /* Kind.swift in Sources */,
				22AAC33822A02184007EE666 /* PageBase.swift in Sources */,
				671416EF21B056C500B90FD9 /* DependencyContainer.swift in Sources */,
				671416A021B053A800B90FD9 /* AppDelegate.swift in Sources */,
				6771D7C52205EA8700E1D031 /* Films.swift in Sources */,
				22E4132A22BA99FF00D44776 /* PeopleViewModel.swift in Sources */,
				671416E721B055E200B90FD9 /* MainMenuViewController.swift in Sources */,
				6771D7CB2205ED8600E1D031 /* Starship.swift in Sources */,
				22E4132422BA99B400D44776 /* PeopleViewController.swift in Sources */,
				22E4131922BA4C0600D44776 /* PersonViewController.swift in Sources */,
				671416D721B054B000B90FD9 /* associatedObject.swift in Sources */,
				671416DA21B054DA00B90FD9 /* NavigationController.swift in Sources */,
				22AAC33422A01E9A007EE666 /* KeyedDecodingContainer+Decode.swift in Sources */,
				67CA0749221341B4001B55BB /* DetailsViewModel.swift in Sources */,
				671416D521B0548E00B90FD9 /* ViewModelOwner.swift in Sources */,
				67969D9D21F494A800B0A6EE /* Person.swift in Sources */,
				6709F46B21E0EEDE00056F80 /* UIView+fixInView.swift in Sources */,
				67E8FC84220EF40500CB9B40 /* OptionsViewController.swift in Sources */,
				67B714E5224943F20033C249 /* NavigationBar.swift in Sources */,
				22E4132822BA99F700D44776 /* PeopleViewModelType.swift in Sources */,
				67969D9F21F496DE00B0A6EE /* People.swift in Sources */,
				6771D7CF2205EF8800E1D031 /* Vehicles.swift in Sources */,
				679C8A8121EA6A6B001ECDEC /* MainTableViewModel.swift in Sources */,
				6771D7D12205EF9100E1D031 /* Vehicle.swift in Sources */,
				671416EA21B0563600B90FD9 /* MainMenuViewModel.swift in Sources */,
				6722E2D822246D6300DC0DDB /* UIViewController+ColorChanging.swift in Sources */,
				6771D7CD2205ED9000E1D031 /* Starships.swift in Sources */,
				67B714E7224945410033C249 /* UIFont+ProjectFonts.swift in Sources */,
				6742C5082233ED860076A3BA /* BasicHeaderView.swift in Sources */,
				67E8FC8A220EF67600CB9B40 /* OptionsViewModelType.swift in Sources */,
			);
			runOnlyForDeploymentPostprocessing = 0;
		};
		671416AF21B053AA00B90FD9 /* Sources */ = {
			isa = PBXSourcesBuildPhase;
			buildActionMask = 2147483647;
			files = (
				671416B821B053AA00B90FD9 /* SWAPI_clientTests.swift in Sources */,
			);
			runOnlyForDeploymentPostprocessing = 0;
		};
		671416BA21B053AA00B90FD9 /* Sources */ = {
			isa = PBXSourcesBuildPhase;
			buildActionMask = 2147483647;
			files = (
				671416C321B053AA00B90FD9 /* SWAPI_clientUITests.swift in Sources */,
			);
			runOnlyForDeploymentPostprocessing = 0;
		};
/* End PBXSourcesBuildPhase section */

/* Begin PBXTargetDependency section */
		22554B7C229F342800ED428C /* PBXTargetDependency */ = {
			isa = PBXTargetDependency;
			target = 6714169B21B053A800B90FD9 /* SWAPI_client */;
			targetProxy = 22554B7B229F342800ED428C /* PBXContainerItemProxy */;
		};
		671416B521B053AA00B90FD9 /* PBXTargetDependency */ = {
			isa = PBXTargetDependency;
			target = 6714169B21B053A800B90FD9 /* SWAPI_client */;
			targetProxy = 671416B421B053AA00B90FD9 /* PBXContainerItemProxy */;
		};
		671416C021B053AA00B90FD9 /* PBXTargetDependency */ = {
			isa = PBXTargetDependency;
			target = 6714169B21B053A800B90FD9 /* SWAPI_client */;
			targetProxy = 671416BF21B053AA00B90FD9 /* PBXContainerItemProxy */;
		};
/* End PBXTargetDependency section */

/* Begin PBXVariantGroup section */
		671416AB21B053AA00B90FD9 /* LaunchScreen.storyboard */ = {
			isa = PBXVariantGroup;
			children = (
				671416AC21B053AA00B90FD9 /* Base */,
				6742C4FE2233D8300076A3BA /* pl */,
			);
			name = LaunchScreen.storyboard;
			sourceTree = "<group>";
		};
		6742C5032233D8A50076A3BA /* Localizable.strings */ = {
			isa = PBXVariantGroup;
			children = (
				6742C5022233D8A50076A3BA /* pl */,
				6742C5042233D90D0076A3BA /* en */,
			);
			name = Localizable.strings;
			sourceTree = "<group>";
		};
/* End PBXVariantGroup section */

/* Begin XCBuildConfiguration section */
		22554B7E229F342800ED428C /* Debug */ = {
			isa = XCBuildConfiguration;
			buildSettings = {
				BUNDLE_LOADER = "$(TEST_HOST)";
				CODE_SIGN_STYLE = Automatic;
				FRAMEWORK_SEARCH_PATHS = (
					"$(inherited)",
					"$(PROJECT_DIR)/Carthage/Build/iOS",
					"$(SRCROOT)/Carthage/Build/iOS",
				);
				HEADER_SEARCH_PATHS = "$(SRCROOT)/Carthage/Build/iOS/**";
				INFOPLIST_FILE = EarlGreyTests/Info.plist;
				IPHONEOS_DEPLOYMENT_TARGET = 12.2;
				LD_RUNPATH_SEARCH_PATHS = (
					"$(inherited)",
					"@executable_path/Frameworks",
					"@loader_path/Frameworks",
				);
				PRODUCT_BUNDLE_IDENTIFIER = Holocron.EarlGreyTests;
				PRODUCT_NAME = "$(TARGET_NAME)";
				SWIFT_VERSION = 5.0;
				TARGETED_DEVICE_FAMILY = "1,2";
				TEST_HOST = "$(BUILT_PRODUCTS_DIR)/Holocron.app/Holocron";
			};
			name = Debug;
		};
		22554B7F229F342800ED428C /* Release */ = {
			isa = XCBuildConfiguration;
			buildSettings = {
				BUNDLE_LOADER = "$(TEST_HOST)";
				CODE_SIGN_STYLE = Automatic;
				FRAMEWORK_SEARCH_PATHS = (
					"$(inherited)",
					"$(PROJECT_DIR)/Carthage/Build/iOS",
					"$(SRCROOT)/Carthage/Build/iOS",
				);
				HEADER_SEARCH_PATHS = "$(SRCROOT)/Carthage/Build/iOS/**";
				INFOPLIST_FILE = EarlGreyTests/Info.plist;
				IPHONEOS_DEPLOYMENT_TARGET = 12.2;
				LD_RUNPATH_SEARCH_PATHS = (
					"$(inherited)",
					"@executable_path/Frameworks",
					"@loader_path/Frameworks",
				);
				PRODUCT_BUNDLE_IDENTIFIER = Holocron.EarlGreyTests;
				PRODUCT_NAME = "$(TARGET_NAME)";
				SWIFT_VERSION = 5.0;
				TARGETED_DEVICE_FAMILY = "1,2";
				TEST_HOST = "$(BUILT_PRODUCTS_DIR)/Holocron.app/Holocron";
			};
			name = Release;
		};
		671416C521B053AA00B90FD9 /* Debug */ = {
			isa = XCBuildConfiguration;
			buildSettings = {
				ALWAYS_SEARCH_USER_PATHS = NO;
				CLANG_ANALYZER_LOCALIZABILITY_NONLOCALIZED = YES;
				CLANG_ANALYZER_NONNULL = YES;
				CLANG_ANALYZER_NUMBER_OBJECT_CONVERSION = YES_AGGRESSIVE;
				CLANG_CXX_LANGUAGE_STANDARD = "gnu++14";
				CLANG_CXX_LIBRARY = "libc++";
				CLANG_ENABLE_MODULES = YES;
				CLANG_ENABLE_OBJC_ARC = YES;
				CLANG_ENABLE_OBJC_WEAK = YES;
				CLANG_WARN_BLOCK_CAPTURE_AUTORELEASING = YES;
				CLANG_WARN_BOOL_CONVERSION = YES;
				CLANG_WARN_COMMA = YES;
				CLANG_WARN_CONSTANT_CONVERSION = YES;
				CLANG_WARN_DEPRECATED_OBJC_IMPLEMENTATIONS = YES;
				CLANG_WARN_DIRECT_OBJC_ISA_USAGE = YES_ERROR;
				CLANG_WARN_DOCUMENTATION_COMMENTS = YES;
				CLANG_WARN_EMPTY_BODY = YES;
				CLANG_WARN_ENUM_CONVERSION = YES;
				CLANG_WARN_INFINITE_RECURSION = YES;
				CLANG_WARN_INT_CONVERSION = YES;
				CLANG_WARN_NON_LITERAL_NULL_CONVERSION = YES;
				CLANG_WARN_OBJC_IMPLICIT_RETAIN_SELF = YES;
				CLANG_WARN_OBJC_LITERAL_CONVERSION = YES;
				CLANG_WARN_OBJC_ROOT_CLASS = YES_ERROR;
				CLANG_WARN_RANGE_LOOP_ANALYSIS = YES;
				CLANG_WARN_STRICT_PROTOTYPES = YES;
				CLANG_WARN_SUSPICIOUS_MOVE = YES;
				CLANG_WARN_UNGUARDED_AVAILABILITY = YES_AGGRESSIVE;
				CLANG_WARN_UNREACHABLE_CODE = YES;
				CLANG_WARN__DUPLICATE_METHOD_MATCH = YES;
				CODE_SIGN_IDENTITY = "iPhone Developer";
				COPY_PHASE_STRIP = NO;
				DEBUG_INFORMATION_FORMAT = dwarf;
				ENABLE_STRICT_OBJC_MSGSEND = YES;
				ENABLE_TESTABILITY = YES;
				GCC_C_LANGUAGE_STANDARD = gnu11;
				GCC_DYNAMIC_NO_PIC = NO;
				GCC_NO_COMMON_BLOCKS = YES;
				GCC_OPTIMIZATION_LEVEL = 0;
				GCC_PREPROCESSOR_DEFINITIONS = (
					"DEBUG=1",
					"$(inherited)",
				);
				GCC_WARN_64_TO_32_BIT_CONVERSION = YES;
				GCC_WARN_ABOUT_RETURN_TYPE = YES_ERROR;
				GCC_WARN_UNDECLARED_SELECTOR = YES;
				GCC_WARN_UNINITIALIZED_AUTOS = YES_AGGRESSIVE;
				GCC_WARN_UNUSED_FUNCTION = YES;
				GCC_WARN_UNUSED_VARIABLE = YES;
				IPHONEOS_DEPLOYMENT_TARGET = 12.1;
				MTL_ENABLE_DEBUG_INFO = INCLUDE_SOURCE;
				MTL_FAST_MATH = YES;
				ONLY_ACTIVE_ARCH = YES;
				SDKROOT = iphoneos;
				SWIFT_ACTIVE_COMPILATION_CONDITIONS = DEBUG;
				SWIFT_OPTIMIZATION_LEVEL = "-Onone";
			};
			name = Debug;
		};
		671416C621B053AA00B90FD9 /* Release */ = {
			isa = XCBuildConfiguration;
			buildSettings = {
				ALWAYS_SEARCH_USER_PATHS = NO;
				CLANG_ANALYZER_LOCALIZABILITY_NONLOCALIZED = YES;
				CLANG_ANALYZER_NONNULL = YES;
				CLANG_ANALYZER_NUMBER_OBJECT_CONVERSION = YES_AGGRESSIVE;
				CLANG_CXX_LANGUAGE_STANDARD = "gnu++14";
				CLANG_CXX_LIBRARY = "libc++";
				CLANG_ENABLE_MODULES = YES;
				CLANG_ENABLE_OBJC_ARC = YES;
				CLANG_ENABLE_OBJC_WEAK = YES;
				CLANG_WARN_BLOCK_CAPTURE_AUTORELEASING = YES;
				CLANG_WARN_BOOL_CONVERSION = YES;
				CLANG_WARN_COMMA = YES;
				CLANG_WARN_CONSTANT_CONVERSION = YES;
				CLANG_WARN_DEPRECATED_OBJC_IMPLEMENTATIONS = YES;
				CLANG_WARN_DIRECT_OBJC_ISA_USAGE = YES_ERROR;
				CLANG_WARN_DOCUMENTATION_COMMENTS = YES;
				CLANG_WARN_EMPTY_BODY = YES;
				CLANG_WARN_ENUM_CONVERSION = YES;
				CLANG_WARN_INFINITE_RECURSION = YES;
				CLANG_WARN_INT_CONVERSION = YES;
				CLANG_WARN_NON_LITERAL_NULL_CONVERSION = YES;
				CLANG_WARN_OBJC_IMPLICIT_RETAIN_SELF = YES;
				CLANG_WARN_OBJC_LITERAL_CONVERSION = YES;
				CLANG_WARN_OBJC_ROOT_CLASS = YES_ERROR;
				CLANG_WARN_RANGE_LOOP_ANALYSIS = YES;
				CLANG_WARN_STRICT_PROTOTYPES = YES;
				CLANG_WARN_SUSPICIOUS_MOVE = YES;
				CLANG_WARN_UNGUARDED_AVAILABILITY = YES_AGGRESSIVE;
				CLANG_WARN_UNREACHABLE_CODE = YES;
				CLANG_WARN__DUPLICATE_METHOD_MATCH = YES;
				CODE_SIGN_IDENTITY = "iPhone Developer";
				COPY_PHASE_STRIP = NO;
				DEBUG_INFORMATION_FORMAT = "dwarf-with-dsym";
				ENABLE_NS_ASSERTIONS = NO;
				ENABLE_STRICT_OBJC_MSGSEND = YES;
				GCC_C_LANGUAGE_STANDARD = gnu11;
				GCC_NO_COMMON_BLOCKS = YES;
				GCC_WARN_64_TO_32_BIT_CONVERSION = YES;
				GCC_WARN_ABOUT_RETURN_TYPE = YES_ERROR;
				GCC_WARN_UNDECLARED_SELECTOR = YES;
				GCC_WARN_UNINITIALIZED_AUTOS = YES_AGGRESSIVE;
				GCC_WARN_UNUSED_FUNCTION = YES;
				GCC_WARN_UNUSED_VARIABLE = YES;
				IPHONEOS_DEPLOYMENT_TARGET = 12.1;
				MTL_ENABLE_DEBUG_INFO = NO;
				MTL_FAST_MATH = YES;
				SDKROOT = iphoneos;
				SWIFT_COMPILATION_MODE = wholemodule;
				SWIFT_OPTIMIZATION_LEVEL = "-O";
				VALIDATE_PRODUCT = YES;
			};
			name = Release;
		};
		671416C821B053AA00B90FD9 /* Debug */ = {
			isa = XCBuildConfiguration;
			buildSettings = {
				ASSETCATALOG_COMPILER_APPICON_NAME = AppIcon;
				CODE_SIGN_IDENTITY = "iPhone Developer";
				CODE_SIGN_STYLE = Automatic;
				DEVELOPMENT_TEAM = "";
				FRAMEWORK_SEARCH_PATHS = (
					"$(inherited)",
					"$(PROJECT_DIR)/Carthage/Build/iOS",
				);
				INFOPLIST_FILE = SWAPI_client/Info.plist;
				LD_RUNPATH_SEARCH_PATHS = (
					"$(inherited)",
					"@executable_path/Frameworks",
				);
				OTHER_LIBTOOLFLAGS = "";
				PRODUCT_BUNDLE_IDENTIFIER = "janszala.SWAPI-client";
				PRODUCT_NAME = Holocron;
				PROVISIONING_PROFILE_SPECIFIER = "";
				SWIFT_VERSION = 4.2;
				TARGETED_DEVICE_FAMILY = "1,2";
			};
			name = Debug;
		};
		671416C921B053AA00B90FD9 /* Release */ = {
			isa = XCBuildConfiguration;
			buildSettings = {
				ASSETCATALOG_COMPILER_APPICON_NAME = AppIcon;
				CODE_SIGN_IDENTITY = "iPhone Developer";
				CODE_SIGN_STYLE = Automatic;
				DEVELOPMENT_TEAM = "";
				FRAMEWORK_SEARCH_PATHS = (
					"$(inherited)",
					"$(PROJECT_DIR)/Carthage/Build/iOS",
				);
				INFOPLIST_FILE = SWAPI_client/Info.plist;
				LD_RUNPATH_SEARCH_PATHS = (
					"$(inherited)",
					"@executable_path/Frameworks",
				);
				OTHER_LIBTOOLFLAGS = "";
				PRODUCT_BUNDLE_IDENTIFIER = "janszala.SWAPI-client";
				PRODUCT_NAME = Holocron;
				PROVISIONING_PROFILE_SPECIFIER = "";
				SWIFT_VERSION = 4.2;
				TARGETED_DEVICE_FAMILY = "1,2";
			};
			name = Release;
		};
		671416CB21B053AA00B90FD9 /* Debug */ = {
			isa = XCBuildConfiguration;
			buildSettings = {
				ALWAYS_EMBED_SWIFT_STANDARD_LIBRARIES = YES;
				BUNDLE_LOADER = "$(TEST_HOST)";
				CODE_SIGN_STYLE = Automatic;
				INFOPLIST_FILE = SWAPI_clientTests/Info.plist;
				LD_RUNPATH_SEARCH_PATHS = (
					"$(inherited)",
					"@executable_path/Frameworks",
					"@loader_path/Frameworks",
				);
				PRODUCT_BUNDLE_IDENTIFIER = "janszala.SWAPI-clientTests";
				PRODUCT_NAME = "$(TARGET_NAME)";
				SWIFT_VERSION = 4.2;
				TARGETED_DEVICE_FAMILY = "1,2";
				TEST_HOST = "$(BUILT_PRODUCTS_DIR)/SWAPI_client.app/SWAPI_client";
			};
			name = Debug;
		};
		671416CC21B053AA00B90FD9 /* Release */ = {
			isa = XCBuildConfiguration;
			buildSettings = {
				ALWAYS_EMBED_SWIFT_STANDARD_LIBRARIES = YES;
				BUNDLE_LOADER = "$(TEST_HOST)";
				CODE_SIGN_STYLE = Automatic;
				INFOPLIST_FILE = SWAPI_clientTests/Info.plist;
				LD_RUNPATH_SEARCH_PATHS = (
					"$(inherited)",
					"@executable_path/Frameworks",
					"@loader_path/Frameworks",
				);
				PRODUCT_BUNDLE_IDENTIFIER = "janszala.SWAPI-clientTests";
				PRODUCT_NAME = "$(TARGET_NAME)";
				SWIFT_VERSION = 4.2;
				TARGETED_DEVICE_FAMILY = "1,2";
				TEST_HOST = "$(BUILT_PRODUCTS_DIR)/SWAPI_client.app/SWAPI_client";
			};
			name = Release;
		};
		671416CE21B053AA00B90FD9 /* Debug */ = {
			isa = XCBuildConfiguration;
			buildSettings = {
				ALWAYS_EMBED_SWIFT_STANDARD_LIBRARIES = YES;
				CODE_SIGN_STYLE = Automatic;
				INFOPLIST_FILE = SWAPI_clientUITests/Info.plist;
				LD_RUNPATH_SEARCH_PATHS = (
					"$(inherited)",
					"@executable_path/Frameworks",
					"@loader_path/Frameworks",
				);
				PRODUCT_BUNDLE_IDENTIFIER = "janszala.SWAPI-clientUITests";
				PRODUCT_NAME = "$(TARGET_NAME)";
				SWIFT_VERSION = 4.2;
				TARGETED_DEVICE_FAMILY = "1,2";
				TEST_TARGET_NAME = SWAPI_client;
			};
			name = Debug;
		};
		671416CF21B053AA00B90FD9 /* Release */ = {
			isa = XCBuildConfiguration;
			buildSettings = {
				ALWAYS_EMBED_SWIFT_STANDARD_LIBRARIES = YES;
				CODE_SIGN_STYLE = Automatic;
				INFOPLIST_FILE = SWAPI_clientUITests/Info.plist;
				LD_RUNPATH_SEARCH_PATHS = (
					"$(inherited)",
					"@executable_path/Frameworks",
					"@loader_path/Frameworks",
				);
				PRODUCT_BUNDLE_IDENTIFIER = "janszala.SWAPI-clientUITests";
				PRODUCT_NAME = "$(TARGET_NAME)";
				SWIFT_VERSION = 4.2;
				TARGETED_DEVICE_FAMILY = "1,2";
				TEST_TARGET_NAME = SWAPI_client;
			};
			name = Release;
		};
/* End XCBuildConfiguration section */

/* Begin XCConfigurationList section */
		22554B7D229F342800ED428C /* Build configuration list for PBXNativeTarget "EarlGreyTests" */ = {
			isa = XCConfigurationList;
			buildConfigurations = (
				22554B7E229F342800ED428C /* Debug */,
				22554B7F229F342800ED428C /* Release */,
			);
			defaultConfigurationIsVisible = 0;
			defaultConfigurationName = Release;
		};
		6714169721B053A800B90FD9 /* Build configuration list for PBXProject "SWAPI_client" */ = {
			isa = XCConfigurationList;
			buildConfigurations = (
				671416C521B053AA00B90FD9 /* Debug */,
				671416C621B053AA00B90FD9 /* Release */,
			);
			defaultConfigurationIsVisible = 0;
			defaultConfigurationName = Release;
		};
		671416C721B053AA00B90FD9 /* Build configuration list for PBXNativeTarget "SWAPI_client" */ = {
			isa = XCConfigurationList;
			buildConfigurations = (
				671416C821B053AA00B90FD9 /* Debug */,
				671416C921B053AA00B90FD9 /* Release */,
			);
			defaultConfigurationIsVisible = 0;
			defaultConfigurationName = Release;
		};
		671416CA21B053AA00B90FD9 /* Build configuration list for PBXNativeTarget "SWAPI_clientTests" */ = {
			isa = XCConfigurationList;
			buildConfigurations = (
				671416CB21B053AA00B90FD9 /* Debug */,
				671416CC21B053AA00B90FD9 /* Release */,
			);
			defaultConfigurationIsVisible = 0;
			defaultConfigurationName = Release;
		};
		671416CD21B053AA00B90FD9 /* Build configuration list for PBXNativeTarget "SWAPI_clientUITests" */ = {
			isa = XCConfigurationList;
			buildConfigurations = (
				671416CE21B053AA00B90FD9 /* Debug */,
				671416CF21B053AA00B90FD9 /* Release */,
			);
			defaultConfigurationIsVisible = 0;
			defaultConfigurationName = Release;
		};
/* End XCConfigurationList section */

/* Begin XCVersionGroup section */
		671416A621B053A800B90FD9 /* SWAPI_client.xcdatamodeld */ = {
			isa = XCVersionGroup;
			children = (
				671416A721B053A800B90FD9 /* SWAPI_client.xcdatamodel */,
			);
			currentVersion = 671416A721B053A800B90FD9 /* SWAPI_client.xcdatamodel */;
			path = SWAPI_client.xcdatamodeld;
			sourceTree = "<group>";
			versionGroupType = wrapper.xcdatamodel;
		};
/* End XCVersionGroup section */
	};
	rootObject = 6714169421B053A800B90FD9 /* Project object */;
}
